
Microsoft Visual Studio Solution File, Format Version 12.00
# Visual Studio 15
VisualStudioVersion = 15.0.26730.3
MinimumVisualStudioVersion = 10.0.40219.1
Project("{FAE04EC0-301F-11D3-BF4B-00C04F79EFBC}") = "MVCMusicStore", "MVCMusicStore\MVCMusicStore.csproj", "{A916ADE8-2045-4D39-8991-843E1AB5C005}"
EndProject
Project("{FAE04EC0-301F-11D3-BF4B-00C04F79EFBC}") = "MVCMusicStore.Tests", "MVCMusicStore.Tests\MVCMusicStore.Tests.csproj", "{6B7B4143-AEB6-4C59-99C8-FB2086CAB46D}"
EndProject
Global
	GlobalSection(SolutionConfigurationPlatforms) = preSolution
		Debug|Any CPU = Debug|Any CPU
		Release|Any CPU = Release|Any CPU
	EndGlobalSection
	GlobalSection(ProjectConfigurationPlatforms) = postSolution
		{A916ADE8-2045-4D39-8991-843E1AB5C005}.Debug|Any CPU.ActiveCfg = Debug|Any CPU
		{A916ADE8-2045-4D39-8991-843E1AB5C005}.Debug|Any CPU.Build.0 = Debug|Any CPU
		{A916ADE8-2045-4D39-8991-843E1AB5C005}.Release|Any CPU.ActiveCfg = Release|Any CPU
		{A916ADE8-2045-4D39-8991-843E1AB5C005}.Release|Any CPU.Build.0 = Release|Any CPU
		{6B7B4143-AEB6-4C59-99C8-FB2086CAB46D}.Debug|Any CPU.ActiveCfg = Debug|Any CPU
		{6B7B4143-AEB6-4C59-99C8-FB2086CAB46D}.Debug|Any CPU.Build.0 = Debug|Any CPU
		{6B7B4143-AEB6-4C59-99C8-FB2086CAB46D}.Release|Any CPU.ActiveCfg = Release|Any CPU
		{6B7B4143-AEB6-4C59-99C8-FB2086CAB46D}.Release|Any CPU.Build.0 = Release|Any CPU
	EndGlobalSection
	GlobalSection(SolutionProperties) = preSolution
		HideSolutionNode = FALSE
	EndGlobalSection
	GlobalSection(ExtensibilityGlobals) = postSolution
		SolutionGuid = {44CEDE96-68B4-438E-B0AE-955E42892BE8}
	EndGlobalSection
EndGlobal
